
Microsoft Visual Studio Solution File, Format Version 12.00
# Visual Studio Version 16
VisualStudioVersion = 16.0.32602.291
MinimumVisualStudioVersion = 10.0.40219.1
Project("{9A19103F-16F7-4668-BE54-9A1E7A4F7556}") = "Entidades", "Entidades\Entidades.csproj", "{AA35121E-519D-44CE-800E-014EC708C394}"
EndProject
Project("{9A19103F-16F7-4668-BE54-9A1E7A4F7556}") = "Vista", "Vista\Vista.csproj", "{78ABB099-A886-4BB2-9B43-A1FA2C678C81}"
EndProject
Project("{FAE04EC0-301F-11D3-BF4B-00C04F79EFBC}") = "Entidades.Test", "Entidades.Test\Entidades.Test.csproj", "{2C81394D-9886-4869-B284-11692DFAE237}"
EndProject
Global
	GlobalSection(SolutionConfigurationPlatforms) = preSolution
		Debug|Any CPU = Debug|Any CPU
		Release|Any CPU = Release|Any CPU
	EndGlobalSection
	GlobalSection(ProjectConfigurationPlatforms) = postSolution
		{AA35121E-519D-44CE-800E-014EC708C394}.Debug|Any CPU.ActiveCfg = Debug|Any CPU
		{AA35121E-519D-44CE-800E-014EC708C394}.Debug|Any CPU.Build.0 = Debug|Any CPU
		{AA35121E-519D-44CE-800E-014EC708C394}.Release|Any CPU.ActiveCfg = Release|Any CPU
		{AA35121E-519D-44CE-800E-014EC708C394}.Release|Any CPU.Build.0 = Release|Any CPU
		{78ABB099-A886-4BB2-9B43-A1FA2C678C81}.Debug|Any CPU.ActiveCfg = Debug|Any CPU
		{78ABB099-A886-4BB2-9B43-A1FA2C678C81}.Debug|Any CPU.Build.0 = Debug|Any CPU
		{78ABB099-A886-4BB2-9B43-A1FA2C678C81}.Release|Any CPU.ActiveCfg = Release|Any CPU
		{78ABB099-A886-4BB2-9B43-A1FA2C678C81}.Release|Any CPU.Build.0 = Release|Any CPU
		{2C81394D-9886-4869-B284-11692DFAE237}.Debug|Any CPU.ActiveCfg = Debug|Any CPU
		{2C81394D-9886-4869-B284-11692DFAE237}.Debug|Any CPU.Build.0 = Debug|Any CPU
		{2C81394D-9886-4869-B284-11692DFAE237}.Release|Any CPU.ActiveCfg = Release|Any CPU
		{2C81394D-9886-4869-B284-11692DFAE237}.Release|Any CPU.Build.0 = Release|Any CPU
	EndGlobalSection
	GlobalSection(SolutionProperties) = preSolution
		HideSolutionNode = FALSE
	EndGlobalSection
	GlobalSection(ExtensibilityGlobals) = postSolution
		SolutionGuid = {B74AD0C9-8116-4642-9B73-E79686D5F7C7}
	EndGlobalSection
EndGlobal
